// !$*UTF8*$!
{
	archiveVersion = 1;
	classes = {
	};
	objectVersion = 46;
	objects = {

/* Begin PBXBuildFile section */
		22F313C01AE9E94B00FA7C1A /* AppDelegate.swift in Sources */ = {isa = PBXBuildFile; fileRef = 22F313BF1AE9E94B00FA7C1A /* AppDelegate.swift */; };
		22F313C21AE9E94B00FA7C1A /* ViewController.swift in Sources */ = {isa = PBXBuildFile; fileRef = 22F313C11AE9E94B00FA7C1A /* ViewController.swift */; };
		22F313C51AE9E94B00FA7C1A /* Main.storyboard in Resources */ = {isa = PBXBuildFile; fileRef = 22F313C31AE9E94B00FA7C1A /* Main.storyboard */; };
		22F313C71AE9E94B00FA7C1A /* Images.xcassets in Resources */ = {isa = PBXBuildFile; fileRef = 22F313C61AE9E94B00FA7C1A /* Images.xcassets */; };
		22F313CA1AE9E94B00FA7C1A /* LaunchScreen.xib in Resources */ = {isa = PBXBuildFile; fileRef = 22F313C81AE9E94B00FA7C1A /* LaunchScreen.xib */; };
		22F313D61AE9E94B00FA7C1A /* toPromodoTests.swift in Sources */ = {isa = PBXBuildFile; fileRef = 22F313D51AE9E94B00FA7C1A /* toPromodoTests.swift */; };
		22F313E21AE9ECC800FA7C1A /* ToDoItem.swift in Sources */ = {isa = PBXBuildFile; fileRef = 22F313E11AE9ECC800FA7C1A /* ToDoItem.swift */; };
		22F313E41AEAF14A00FA7C1A /* TableViewCell.swift in Sources */ = {isa = PBXBuildFile; fileRef = 22F313E31AEAF14A00FA7C1A /* TableViewCell.swift */; };
		22F313E61AEB330B00FA7C1A /* StrikeThroughText.swift in Sources */ = {isa = PBXBuildFile; fileRef = 22F313E51AEB330B00FA7C1A /* StrikeThroughText.swift */; };
/* End PBXBuildFile section */

/* Begin PBXContainerItemProxy section */
		22F313D01AE9E94B00FA7C1A /* PBXContainerItemProxy */ = {
			isa = PBXContainerItemProxy;
			containerPortal = 22F313B21AE9E94B00FA7C1A /* Project object */;
			proxyType = 1;
			remoteGlobalIDString = 22F313B91AE9E94B00FA7C1A;
			remoteInfo = toPromodo;
		};
/* End PBXContainerItemProxy section */

/* Begin PBXFileReference section */
		22F313BA1AE9E94B00FA7C1A /* toPromodo.app */ = {isa = PBXFileReference; explicitFileType = wrapper.application; includeInIndex = 0; path = toPromodo.app; sourceTree = BUILT_PRODUCTS_DIR; };
		22F313BE1AE9E94B00FA7C1A /* Info.plist */ = {isa = PBXFileReference; lastKnownFileType = text.plist.xml; path = Info.plist; sourceTree = "<group>"; };
		22F313BF1AE9E94B00FA7C1A /* AppDelegate.swift */ = {isa = PBXFileReference; lastKnownFileType = sourcecode.swift; path = AppDelegate.swift; sourceTree = "<group>"; };
		22F313C11AE9E94B00FA7C1A /* ViewController.swift */ = {isa = PBXFileReference; lastKnownFileType = sourcecode.swift; path = ViewController.swift; sourceTree = "<group>"; };
		22F313C41AE9E94B00FA7C1A /* Base */ = {isa = PBXFileReference; lastKnownFileType = file.storyboard; name = Base; path = Base.lproj/Main.storyboard; sourceTree = "<group>"; };
		22F313C61AE9E94B00FA7C1A /* Images.xcassets */ = {isa = PBXFileReference; lastKnownFileType = folder.assetcatalog; path = Images.xcassets; sourceTree = "<group>"; };
		22F313C91AE9E94B00FA7C1A /* Base */ = {isa = PBXFileReference; lastKnownFileType = file.xib; name = Base; path = Base.lproj/LaunchScreen.xib; sourceTree = "<group>"; };
		22F313CF1AE9E94B00FA7C1A /* toPromodoTests.xctest */ = {isa = PBXFileReference; explicitFileType = wrapper.cfbundle; includeInIndex = 0; path = toPromodoTests.xctest; sourceTree = BUILT_PRODUCTS_DIR; };
		22F313D41AE9E94B00FA7C1A /* Info.plist */ = {isa = PBXFileReference; lastKnownFileType = text.plist.xml; path = Info.plist; sourceTree = "<group>"; };
		22F313D51AE9E94B00FA7C1A /* toPromodoTests.swift */ = {isa = PBXFileReference; lastKnownFileType = sourcecode.swift; path = toPromodoTests.swift; sourceTree = "<group>"; };
		22F313E11AE9ECC800FA7C1A /* ToDoItem.swift */ = {isa = PBXFileReference; fileEncoding = 4; lastKnownFileType = sourcecode.swift; path = ToDoItem.swift; sourceTree = "<group>"; };
		22F313E31AEAF14A00FA7C1A /* TableViewCell.swift */ = {isa = PBXFileReference; fileEncoding = 4; lastKnownFileType = sourcecode.swift; path = TableViewCell.swift; sourceTree = "<group>"; };
		22F313E51AEB330B00FA7C1A /* StrikeThroughText.swift */ = {isa = PBXFileReference; fileEncoding = 4; lastKnownFileType = sourcecode.swift; name = StrikeThroughText.swift; path = ../StrikeThroughText.swift; sourceTree = "<group>"; };
/* End PBXFileReference section */

/* Begin PBXFrameworksBuildPhase section */
		22F313B71AE9E94B00FA7C1A /* Frameworks */ = {
			isa = PBXFrameworksBuildPhase;
			buildActionMask = 2147483647;
			files = (
			);
			runOnlyForDeploymentPostprocessing = 0;
		};
		22F313CC1AE9E94B00FA7C1A /* Frameworks */ = {
			isa = PBXFrameworksBuildPhase;
			buildActionMask = 2147483647;
			files = (
			);
			runOnlyForDeploymentPostprocessing = 0;
		};
/* End PBXFrameworksBuildPhase section */

/* Begin PBXGroup section */
		22F313B11AE9E94B00FA7C1A = {
			isa = PBXGroup;
			children = (
				22F313BC1AE9E94B00FA7C1A /* toPromodo */,
				22F313D21AE9E94B00FA7C1A /* toPromodoTests */,
				22F313BB1AE9E94B00FA7C1A /* Products */,
			);
			sourceTree = "<group>";
		};
		22F313BB1AE9E94B00FA7C1A /* Products */ = {
			isa = PBXGroup;
			children = (
				22F313BA1AE9E94B00FA7C1A /* toPromodo.app */,
				22F313CF1AE9E94B00FA7C1A /* toPromodoTests.xctest */,
			);
			name = Products;
			sourceTree = "<group>";
		};
		22F313BC1AE9E94B00FA7C1A /* toPromodo */ = {
			isa = PBXGroup;
			children = (
				22F313BF1AE9E94B00FA7C1A /* AppDelegate.swift */,
				22F313C11AE9E94B00FA7C1A /* ViewController.swift */,
				22F313E31AEAF14A00FA7C1A /* TableViewCell.swift */,
				22F313E11AE9ECC800FA7C1A /* ToDoItem.swift */,
				22F313E51AEB330B00FA7C1A /* StrikeThroughText.swift */,
				22F313C31AE9E94B00FA7C1A /* Main.storyboard */,
				22F313C61AE9E94B00FA7C1A /* Images.xcassets */,
				22F313C81AE9E94B00FA7C1A /* LaunchScreen.xib */,
				22F313BD1AE9E94B00FA7C1A /* Supporting Files */,
			);
			path = toPromodo;
			sourceTree = "<group>";
		};
		22F313BD1AE9E94B00FA7C1A /* Supporting Files */ = {
			isa = PBXGroup;
			children = (
				22F313BE1AE9E94B00FA7C1A /* Info.plist */,
			);
			name = "Supporting Files";
			sourceTree = "<group>";
		};
		22F313D21AE9E94B00FA7C1A /* toPromodoTests */ = {
			isa = PBXGroup;
			children = (
				22F313D51AE9E94B00FA7C1A /* toPromodoTests.swift */,
				22F313D31AE9E94B00FA7C1A /* Supporting Files */,
			);
			path = toPromodoTests;
			sourceTree = "<group>";
		};
		22F313D31AE9E94B00FA7C1A /* Supporting Files */ = {
			isa = PBXGroup;
			children = (
				22F313D41AE9E94B00FA7C1A /* Info.plist */,
			);
			name = "Supporting Files";
			sourceTree = "<group>";
		};
/* End PBXGroup section */

/* Begin PBXNativeTarget section */
		22F313B91AE9E94B00FA7C1A /* toPromodo */ = {
			isa = PBXNativeTarget;
			buildConfigurationList = 22F313D91AE9E94B00FA7C1A /* Build configuration list for PBXNativeTarget "toPromodo" */;
			buildPhases = (
				22F313B61AE9E94B00FA7C1A /* Sources */,
				22F313B71AE9E94B00FA7C1A /* Frameworks */,
				22F313B81AE9E94B00FA7C1A /* Resources */,
			);
			buildRules = (
			);
			dependencies = (
			);
			name = toPromodo;
			productName = toPromodo;
			productReference = 22F313BA1AE9E94B00FA7C1A /* toPromodo.app */;
			productType = "com.apple.product-type.application";
		};
		22F313CE1AE9E94B00FA7C1A /* toPromodoTests */ = {
			isa = PBXNativeTarget;
			buildConfigurationList = 22F313DC1AE9E94B00FA7C1A /* Build configuration list for PBXNativeTarget "toPromodoTests" */;
			buildPhases = (
				22F313CB1AE9E94B00FA7C1A /* Sources */,
				22F313CC1AE9E94B00FA7C1A /* Frameworks */,
				22F313CD1AE9E94B00FA7C1A /* Resources */,
			);
			buildRules = (
			);
			dependencies = (
				22F313D11AE9E94B00FA7C1A /* PBXTargetDependency */,
			);
			name = toPromodoTests;
			productName = toPromodoTests;
			productReference = 22F313CF1AE9E94B00FA7C1A /* toPromodoTests.xctest */;
			productType = "com.apple.product-type.bundle.unit-test";
		};
/* End PBXNativeTarget section */

/* Begin PBXProject section */
		22F313B21AE9E94B00FA7C1A /* Project object */ = {
			isa = PBXProject;
			attributes = {
				LastUpgradeCheck = 0630;
				ORGANIZATIONNAME = "Julie Zhou";
				TargetAttributes = {
					22F313B91AE9E94B00FA7C1A = {
						CreatedOnToolsVersion = 6.3;
					};
					22F313CE1AE9E94B00FA7C1A = {
						CreatedOnToolsVersion = 6.3;
						TestTargetID = 22F313B91AE9E94B00FA7C1A;
					};
				};
			};
			buildConfigurationList = 22F313B51AE9E94B00FA7C1A /* Build configuration list for PBXProject "toPromodo" */;
			compatibilityVersion = "Xcode 3.2";
			developmentRegion = English;
			hasScannedForEncodings = 0;
			knownRegions = (
				en,
				Base,
			);
			mainGroup = 22F313B11AE9E94B00FA7C1A;
			productRefGroup = 22F313BB1AE9E94B00FA7C1A /* Products */;
			projectDirPath = "";
			projectRoot = "";
			targets = (
				22F313B91AE9E94B00FA7C1A /* toPromodo */,
				22F313CE1AE9E94B00FA7C1A /* toPromodoTests */,
			);
		};
/* End PBXProject section */

/* Begin PBXResourcesBuildPhase section */
		22F313B81AE9E94B00FA7C1A /* Resources */ = {
			isa = PBXResourcesBuildPhase;
			buildActionMask = 2147483647;
			files = (
				22F313C51AE9E94B00FA7C1A /* Main.storyboard in Resources */,
				22F313CA1AE9E94B00FA7C1A /* LaunchScreen.xib in Resources */,
				22F313C71AE9E94B00FA7C1A /* Images.xcassets in Resources */,
			);
			runOnlyForDeploymentPostprocessing = 0;
		};
		22F313CD1AE9E94B00FA7C1A /* Resources */ = {
			isa = PBXResourcesBuildPhase;
			buildActionMask = 2147483647;
			files = (
			);
			runOnlyForDeploymentPostprocessing = 0;
		};
/* End PBXResourcesBuildPhase section */

/* Begin PBXSourcesBuildPhase section */
		22F313B61AE9E94B00FA7C1A /* Sources */ = {
			isa = PBXSourcesBuildPhase;
			buildActionMask = 2147483647;
			files = (
				22F313E61AEB330B00FA7C1A /* StrikeThroughText.swift in Sources */,
				22F313C21AE9E94B00FA7C1A /* ViewController.swift in Sources */,
				22F313E41AEAF14A00FA7C1A /* TableViewCell.swift in Sources */,
				22F313C01AE9E94B00FA7C1A /* AppDelegate.swift in Sources */,
				22F313E21AE9ECC800FA7C1A /* ToDoItem.swift in Sources */,
			);
			runOnlyForDeploymentPostprocessing = 0;
		};
		22F313CB1AE9E94B00FA7C1A /* Sources */ = {
			isa = PBXSourcesBuildPhase;
			buildActionMask = 2147483647;
			files = (
				22F313D61AE9E94B00FA7C1A /* toPromodoTests.swift in Sources */,
			);
			runOnlyForDeploymentPostprocessing = 0;
		};
/* End PBXSourcesBuildPhase section */

/* Begin PBXTargetDependency section */
		22F313D11AE9E94B00FA7C1A /* PBXTargetDependency */ = {
			isa = PBXTargetDependency;
			target = 22F313B91AE9E94B00FA7C1A /* toPromodo */;
			targetProxy = 22F313D01AE9E94B00FA7C1A /* PBXContainerItemProxy */;
		};
/* End PBXTargetDependency section */

/* Begin PBXVariantGroup section */
		22F313C31AE9E94B00FA7C1A /* Main.storyboard */ = {
			isa = PBXVariantGroup;
			children = (
				22F313C41AE9E94B00FA7C1A /* Base */,
			);
			name = Main.storyboard;
			sourceTree = "<group>";
		};
		22F313C81AE9E94B00FA7C1A /* LaunchScreen.xib */ = {
			isa = PBXVariantGroup;
			children = (
				22F313C91AE9E94B00FA7C1A /* Base */,
			);
			name = LaunchScreen.xib;
			sourceTree = "<group>";
		};
/* End PBXVariantGroup section */

/* Begin XCBuildConfiguration section */
		22F313D71AE9E94B00FA7C1A /* Debug */ = {
			isa = XCBuildConfiguration;
			buildSettings = {
				ALWAYS_SEARCH_USER_PATHS = NO;
				CLANG_CXX_LANGUAGE_STANDARD = "gnu++0x";
				CLANG_CXX_LIBRARY = "libc++";
				CLANG_ENABLE_MODULES = YES;
				CLANG_ENABLE_OBJC_ARC = YES;
				CLANG_WARN_BOOL_CONVERSION = YES;
				CLANG_WARN_CONSTANT_CONVERSION = YES;
				CLANG_WARN_DIRECT_OBJC_ISA_USAGE = YES_ERROR;
				CLANG_WARN_EMPTY_BODY = YES;
				CLANG_WARN_ENUM_CONVERSION = YES;
				CLANG_WARN_INT_CONVERSION = YES;
				CLANG_WARN_OBJC_ROOT_CLASS = YES_ERROR;
				CLANG_WARN_UNREACHABLE_CODE = YES;
				CLANG_WARN__DUPLICATE_METHOD_MATCH = YES;
				"CODE_SIGN_IDENTITY[sdk=iphoneos*]" = "iPhone Developer";
				COPY_PHASE_STRIP = NO;
				DEBUG_INFORMATION_FORMAT = "dwarf-with-dsym";
				ENABLE_STRICT_OBJC_MSGSEND = YES;
				GCC_C_LANGUAGE_STANDARD = gnu99;
				GCC_DYNAMIC_NO_PIC = NO;
				GCC_NO_COMMON_BLOCKS = YES;
				GCC_OPTIMIZATION_LEVEL = 0;
				GCC_PREPROCESSOR_DEFINITIONS = (
					"DEBUG=1",
					"$(inherited)",
				);
				GCC_SYMBOLS_PRIVATE_EXTERN = NO;
				GCC_WARN_64_TO_32_BIT_CONVERSION = YES;
				GCC_WARN_ABOUT_RETURN_TYPE = YES_ERROR;
				GCC_WARN_UNDECLARED_SELECTOR = YES;
				GCC_WARN_UNINITIALIZED_AUTOS = YES_AGGRESSIVE;
				GCC_WARN_UNUSED_FUNCTION = YES;
				GCC_WARN_UNUSED_VARIABLE = YES;
				IPHONEOS_DEPLOYMENT_TARGET = 8.3;
				MTL_ENABLE_DEBUG_INFO = YES;
				ONLY_ACTIVE_ARCH = YES;
				SDKROOT = iphoneos;
				SWIFT_OPTIMIZATION_LEVEL = "-Onone";
			};
			name = Debug;
		};
		22F313D81AE9E94B00FA7C1A /* Release */ = {
			isa = XCBuildConfiguration;
			buildSettings = {
				ALWAYS_SEARCH_USER_PATHS = NO;
				CLANG_CXX_LANGUAGE_STANDARD = "gnu++0x";
				CLANG_CXX_LIBRARY = "libc++";
				CLANG_ENABLE_MODULES = YES;
				CLANG_ENABLE_OBJC_ARC = YES;
				CLANG_WARN_BOOL_CONVERSION = YES;
				CLANG_WARN_CONSTANT_CONVERSION = YES;
				CLANG_WARN_DIRECT_OBJC_ISA_USAGE = YES_ERROR;
				CLANG_WARN_EMPTY_BODY = YES;
				CLANG_WARN_ENUM_CONVERSION = YES;
				CLANG_WARN_INT_CONVERSION = YES;
				CLANG_WARN_OBJC_ROOT_CLASS = YES_ERROR;
				CLANG_WARN_UNREACHABLE_CODE = YES;
				CLANG_WARN__DUPLICATE_METHOD_MATCH = YES;
				"CODE_SIGN_IDENTITY[sdk=iphoneos*]" = "iPhone Developer";
				COPY_PHASE_STRIP = NO;
				DEBUG_INFORMATION_FORMAT = "dwarf-with-dsym";
				ENABLE_NS_ASSERTIONS = NO;
				ENABLE_STRICT_OBJC_MSGSEND = YES;
				GCC_C_LANGUAGE_STANDARD = gnu99;
				GCC_NO_COMMON_BLOCKS = YES;
				GCC_WARN_64_TO_32_BIT_CONVERSION = YES;
				GCC_WARN_ABOUT_RETURN_TYPE = YES_ERROR;
				GCC_WARN_UNDECLARED_SELECTOR = YES;
				GCC_WARN_UNINITIALIZED_AUTOS = YES_AGGRESSIVE;
				GCC_WARN_UNUSED_FUNCTION = YES;
				GCC_WARN_UNUSED_VARIABLE = YES;
				IPHONEOS_DEPLOYMENT_TARGET = 8.3;
				MTL_ENABLE_DEBUG_INFO = NO;
				SDKROOT = iphoneos;
				VALIDATE_PRODUCT = YES;
			};
			name = Release;
		};
		22F313DA1AE9E94B00FA7C1A /* Debug */ = {
			isa = XCBuildConfiguration;
			buildSettings = {
				ASSETCATALOG_COMPILER_APPICON_NAME = AppIcon;
				INFOPLIST_FILE = toPromodo/Info.plist;
				LD_RUNPATH_SEARCH_PATHS = "$(inherited) @executable_path/Frameworks";
				PRODUCT_NAME = "$(TARGET_NAME)";
			};
			name = Debug;
		};
		22F313DB1AE9E94B00FA7C1A /* Release */ = {
			isa = XCBuildConfiguration;
			buildSettings = {
				ASSETCATALOG_COMPILER_APPICON_NAME = AppIcon;
				INFOPLIST_FILE = toPromodo/Info.plist;
				LD_RUNPATH_SEARCH_PATHS = "$(inherited) @executable_path/Frameworks";
				PRODUCT_NAME = "$(TARGET_NAME)";
			};
			name = Release;
		};
		22F313DD1AE9E94B00FA7C1A /* Debug */ = {
			isa = XCBuildConfiguration;
			buildSettings = {
				BUNDLE_LOADER = "$(TEST_HOST)";
				FRAMEWORK_SEARCH_PATHS = (
					"$(SDKROOT)/Developer/Library/Frameworks",
					"$(inherited)",
				);
				GCC_PREPROCESSOR_DEFINITIONS = (
					"DEBUG=1",
					"$(inherited)",
				);
				INFOPLIST_FILE = toPromodoTests/Info.plist;
				LD_RUNPATH_SEARCH_PATHS = "$(inherited) @executable_path/Frameworks @loader_path/Frameworks";
				PRODUCT_NAME = "$(TARGET_NAME)";
				TEST_HOST = "$(BUILT_PRODUCTS_DIR)/toPromodo.app/toPromodo";
			};
			name = Debug;
		};
		22F313DE1AE9E94B00FA7C1A /* Release */ = {
			isa = XCBuildConfiguration;
			buildSettings = {
				BUNDLE_LOADER = "$(TEST_HOST)";
				FRAMEWORK_SEARCH_PATHS = (
					"$(SDKROOT)/Developer/Library/Frameworks",
					"$(inherited)",
				);
				INFOPLIST_FILE = toPromodoTests/Info.plist;
				LD_RUNPATH_SEARCH_PATHS = "$(inherited) @executable_path/Frameworks @loader_path/Frameworks";
				PRODUCT_NAME = "$(TARGET_NAME)";
				TEST_HOST = "$(BUILT_PRODUCTS_DIR)/toPromodo.app/toPromodo";
			};
			name = Release;
		};
/* End XCBuildConfiguration section */

/* Begin XCConfigurationList section */
		22F313B51AE9E94B00FA7C1A /* Build configuration list for PBXProject "toPromodo" */ = {
			isa = XCConfigurationList;
			buildConfigurations = (
				22F313D71AE9E94B00FA7C1A /* Debug */,
				22F313D81AE9E94B00FA7C1A /* Release */,
			);
			defaultConfigurationIsVisible = 0;
			defaultConfigurationName = Release;
		};
		22F313D91AE9E94B00FA7C1A /* Build configuration list for PBXNativeTarget "toPromodo" */ = {
			isa = XCConfigurationList;
			buildConfigurations = (
				22F313DA1AE9E94B00FA7C1A /* Debug */,
				22F313DB1AE9E94B00FA7C1A /* Release */,
			);
			defaultConfigurationIsVisible = 0;
			defaultConfigurationName = Release;
		};
		22F313DC1AE9E94B00FA7C1A /* Build configuration list for PBXNativeTarget "toPromodoTests" */ = {
			isa = XCConfigurationList;
			buildConfigurations = (
				22F313DD1AE9E94B00FA7C1A /* Debug */,
				22F313DE1AE9E94B00FA7C1A /* Release */,
			);
			defaultConfigurationIsVisible = 0;
			defaultConfigurationName = Release;
		};
/* End XCConfigurationList section */
	};
	rootObject = 22F313B21AE9E94B00FA7C1A /* Project object */;
}
